
Microsoft Visual Studio Solution File, Format Version 12.00
# Visual Studio 15
VisualStudioVersion = 15.0.28307.271
MinimumVisualStudioVersion = 10.0.40219.1
Project("{FAE04EC0-301F-11D3-BF4B-00C04F79EFBC}") = "sunrise", "sunrise\sunrise.csproj", "{3CB45041-50AF-4983-807D-1AC7074A4ED6}"
EndProject
Project("{FAE04EC0-301F-11D3-BF4B-00C04F79EFBC}") = "sunriseBLL", "sunriseBLL\sunriseBLL.csproj", "{85478E95-1F7F-4F73-9B25-8FF21B2F8357}"
EndProject
Global
	GlobalSection(SolutionConfigurationPlatforms) = preSolution
		Debug|Any CPU = Debug|Any CPU
		Release|Any CPU = Release|Any CPU
	EndGlobalSection
	GlobalSection(ProjectConfigurationPlatforms) = postSolution
		{3CB45041-50AF-4983-807D-1AC7074A4ED6}.Debug|Any CPU.ActiveCfg = Debug|Any CPU
		{3CB45041-50AF-4983-807D-1AC7074A4ED6}.Debug|Any CPU.Build.0 = Debug|Any CPU
		{3CB45041-50AF-4983-807D-1AC7074A4ED6}.Release|Any CPU.ActiveCfg = Release|Any CPU
		{3CB45041-50AF-4983-807D-1AC7074A4ED6}.Release|Any CPU.Build.0 = Release|Any CPU
		{85478E95-1F7F-4F73-9B25-8FF21B2F8357}.Debug|Any CPU.ActiveCfg = Debug|Any CPU
		{85478E95-1F7F-4F73-9B25-8FF21B2F8357}.Debug|Any CPU.Build.0 = Debug|Any CPU
		{85478E95-1F7F-4F73-9B25-8FF21B2F8357}.Release|Any CPU.ActiveCfg = Release|Any CPU
		{85478E95-1F7F-4F73-9B25-8FF21B2F8357}.Release|Any CPU.Build.0 = Release|Any CPU
	EndGlobalSection
	GlobalSection(SolutionProperties) = preSolution
		HideSolutionNode = FALSE
	EndGlobalSection
	GlobalSection(ExtensibilityGlobals) = postSolution
		SolutionGuid = {0DA26AE2-C758-4853-A507-ECC3D6C252AF}
	EndGlobalSection
EndGlobal
